
Microsoft Visual Studio Solution File, Format Version 12.00
# Visual Studio Version 16
VisualStudioVersion = 16.0.32929.386
MinimumVisualStudioVersion = 10.0.40219.1
Project("{FAE04EC0-301F-11D3-BF4B-00C04F79EFBC}") = "Cow Farm System", "Cow Farm System.csproj", "{71C377BE-E7F5-437E-943D-5D12F9D72E7D}"
EndProject
Global
	GlobalSection(SolutionConfigurationPlatforms) = preSolution
		Debug|Any CPU = Debug|Any CPU
		Release|Any CPU = Release|Any CPU
	EndGlobalSection
	GlobalSection(ProjectConfigurationPlatforms) = postSolution
		{71C377BE-E7F5-437E-943D-5D12F9D72E7D}.Debug|Any CPU.ActiveCfg = Debug|Any CPU
		{71C377BE-E7F5-437E-943D-5D12F9D72E7D}.Debug|Any CPU.Build.0 = Debug|Any CPU
		{71C377BE-E7F5-437E-943D-5D12F9D72E7D}.Release|Any CPU.ActiveCfg = Release|Any CPU
		{71C377BE-E7F5-437E-943D-5D12F9D72E7D}.Release|Any CPU.Build.0 = Release|Any CPU
	EndGlobalSection
	GlobalSection(SolutionProperties) = preSolution
		HideSolutionNode = FALSE
	EndGlobalSection
	GlobalSection(ExtensibilityGlobals) = postSolution
		SolutionGuid = {C6DDB5B2-4949-46F7-8E2E-9BA5DE9FEBF2}
	EndGlobalSection
EndGlobal
